
Microsoft Visual Studio Solution File, Format Version 12.00
# Visual Studio Version 16
VisualStudioVersion = 16.0.32630.194
MinimumVisualStudioVersion = 10.0.40219.1
Project("{9A19103F-16F7-4668-BE54-9A1E7A4F7556}") = "RussianRoulette", "RussianRoulette\RussianRoulette.csproj", "{B1EBFDD7-FC68-4FAE-9FA8-9249DA01D463}"
EndProject
Project("{9A19103F-16F7-4668-BE54-9A1E7A4F7556}") = "RussianRoulette.Data", "RussianRoulette.Data\RussianRoulette.Data.csproj", "{B26D4C56-960C-4AC2-AC44-57E74C5D3357}"
EndProject
Project("{9A19103F-16F7-4668-BE54-9A1E7A4F7556}") = "RussianRoulette.UI", "RussianRoulette.UI\RussianRoulette.UI.csproj", "{2EA50DE6-C616-4CD4-BDEC-B514FFF3DEB5}"
EndProject
Project("{FAE04EC0-301F-11D3-BF4B-00C04F79EFBC}") = "RussianRoulette.XUnitTest", "RussianRoulette.XUnitTest\RussianRoulette.XUnitTest.csproj", "{245C0C04-D74A-4C3D-98B0-69B72E62858A}"
EndProject
Global
	GlobalSection(SolutionConfigurationPlatforms) = preSolution
		Debug|Any CPU = Debug|Any CPU
		Release|Any CPU = Release|Any CPU
	EndGlobalSection
	GlobalSection(ProjectConfigurationPlatforms) = postSolution
		{B1EBFDD7-FC68-4FAE-9FA8-9249DA01D463}.Debug|Any CPU.ActiveCfg = Debug|Any CPU
		{B1EBFDD7-FC68-4FAE-9FA8-9249DA01D463}.Debug|Any CPU.Build.0 = Debug|Any CPU
		{B1EBFDD7-FC68-4FAE-9FA8-9249DA01D463}.Release|Any CPU.ActiveCfg = Release|Any CPU
		{B1EBFDD7-FC68-4FAE-9FA8-9249DA01D463}.Release|Any CPU.Build.0 = Release|Any CPU
		{B26D4C56-960C-4AC2-AC44-57E74C5D3357}.Debug|Any CPU.ActiveCfg = Debug|Any CPU
		{B26D4C56-960C-4AC2-AC44-57E74C5D3357}.Debug|Any CPU.Build.0 = Debug|Any CPU
		{B26D4C56-960C-4AC2-AC44-57E74C5D3357}.Release|Any CPU.ActiveCfg = Release|Any CPU
		{B26D4C56-960C-4AC2-AC44-57E74C5D3357}.Release|Any CPU.Build.0 = Release|Any CPU
		{2EA50DE6-C616-4CD4-BDEC-B514FFF3DEB5}.Debug|Any CPU.ActiveCfg = Debug|Any CPU
		{2EA50DE6-C616-4CD4-BDEC-B514FFF3DEB5}.Debug|Any CPU.Build.0 = Debug|Any CPU
		{2EA50DE6-C616-4CD4-BDEC-B514FFF3DEB5}.Release|Any CPU.ActiveCfg = Release|Any CPU
		{2EA50DE6-C616-4CD4-BDEC-B514FFF3DEB5}.Release|Any CPU.Build.0 = Release|Any CPU
		{245C0C04-D74A-4C3D-98B0-69B72E62858A}.Debug|Any CPU.ActiveCfg = Debug|Any CPU
		{245C0C04-D74A-4C3D-98B0-69B72E62858A}.Debug|Any CPU.Build.0 = Debug|Any CPU
		{245C0C04-D74A-4C3D-98B0-69B72E62858A}.Release|Any CPU.ActiveCfg = Release|Any CPU
		{245C0C04-D74A-4C3D-98B0-69B72E62858A}.Release|Any CPU.Build.0 = Release|Any CPU
	EndGlobalSection
	GlobalSection(SolutionProperties) = preSolution
		HideSolutionNode = FALSE
	EndGlobalSection
	GlobalSection(ExtensibilityGlobals) = postSolution
		SolutionGuid = {5AD188E6-9A41-4F50-A2C0-20675EB145AD}
	EndGlobalSection
EndGlobal
